
Microsoft Visual Studio Solution File, Format Version 12.00
# Visual Studio 15
VisualStudioVersion = 15.0.27703.2018
MinimumVisualStudioVersion = 10.0.40219.1
Project("{8BC9CEB8-8B4A-11D0-8D11-00A0C91BC942}") = "Project9", "Project9\Project9.vcxproj", "{729BD88D-642A-4B20-999E-34F1AFA390AE}"
EndProject
Global
	GlobalSection(SolutionConfigurationPlatforms) = preSolution
		Debug|x64 = Debug|x64
		Debug|x86 = Debug|x86
		Release|x64 = Release|x64
		Release|x86 = Release|x86
	EndGlobalSection
	GlobalSection(ProjectConfigurationPlatforms) = postSolution
		{729BD88D-642A-4B20-999E-34F1AFA390AE}.Debug|x64.ActiveCfg = Debug|x64
		{729BD88D-642A-4B20-999E-34F1AFA390AE}.Debug|x64.Build.0 = Debug|x64
		{729BD88D-642A-4B20-999E-34F1AFA390AE}.Debug|x86.ActiveCfg = Debug|Win32
		{729BD88D-642A-4B20-999E-34F1AFA390AE}.Debug|x86.Build.0 = Debug|Win32
		{729BD88D-642A-4B20-999E-34F1AFA390AE}.Release|x64.ActiveCfg = Release|x64
		{729BD88D-642A-4B20-999E-34F1AFA390AE}.Release|x64.Build.0 = Release|x64
		{729BD88D-642A-4B20-999E-34F1AFA390AE}.Release|x86.ActiveCfg = Release|Win32
		{729BD88D-642A-4B20-999E-34F1AFA390AE}.Release|x86.Build.0 = Release|Win32
	EndGlobalSection
	GlobalSection(SolutionProperties) = preSolution
		HideSolutionNode = FALSE
	EndGlobalSection
	GlobalSection(ExtensibilityGlobals) = postSolution
		SolutionGuid = {192973F2-AD0D-408B-9529-744E98B15936}
	EndGlobalSection
EndGlobal
